
Microsoft Visual Studio Solution File, Format Version 12.00
# Visual Studio Version 16
VisualStudioVersion = 16.0.31515.178
MinimumVisualStudioVersion = 10.0.40219.1
Project("{FAE04EC0-301F-11D3-BF4B-00C04F79EFBC}") = "FizzBuzz.Test", "FizzBuzz\FizzBuzz.Test.csproj", "{391ABAFA-2D5C-4A3C-8E1D-632EFC4ADDEE}"
EndProject
Project("{FAE04EC0-301F-11D3-BF4B-00C04F79EFBC}") = "FizzBuzz.Console", "ConsoleFizzBuzz\FizzBuzz.Console.csproj", "{74DBB794-9A88-4A77-AB0C-12F7CA671E4B}"
EndProject
Project("{FAE04EC0-301F-11D3-BF4B-00C04F79EFBC}") = "FizzBuzz.Lib", "LibFizzBuzz\FizzBuzz.Lib.csproj", "{3B09848B-EB06-4FEE-BAA8-9152815A2928}"
EndProject
Global
	GlobalSection(SolutionConfigurationPlatforms) = preSolution
		Debug|Any CPU = Debug|Any CPU
		Release|Any CPU = Release|Any CPU
	EndGlobalSection
	GlobalSection(ProjectConfigurationPlatforms) = postSolution
		{391ABAFA-2D5C-4A3C-8E1D-632EFC4ADDEE}.Debug|Any CPU.ActiveCfg = Debug|Any CPU
		{391ABAFA-2D5C-4A3C-8E1D-632EFC4ADDEE}.Debug|Any CPU.Build.0 = Debug|Any CPU
		{391ABAFA-2D5C-4A3C-8E1D-632EFC4ADDEE}.Release|Any CPU.ActiveCfg = Release|Any CPU
		{391ABAFA-2D5C-4A3C-8E1D-632EFC4ADDEE}.Release|Any CPU.Build.0 = Release|Any CPU
		{74DBB794-9A88-4A77-AB0C-12F7CA671E4B}.Debug|Any CPU.ActiveCfg = Debug|Any CPU
		{74DBB794-9A88-4A77-AB0C-12F7CA671E4B}.Debug|Any CPU.Build.0 = Debug|Any CPU
		{74DBB794-9A88-4A77-AB0C-12F7CA671E4B}.Release|Any CPU.ActiveCfg = Release|Any CPU
		{74DBB794-9A88-4A77-AB0C-12F7CA671E4B}.Release|Any CPU.Build.0 = Release|Any CPU
		{3B09848B-EB06-4FEE-BAA8-9152815A2928}.Debug|Any CPU.ActiveCfg = Debug|Any CPU
		{3B09848B-EB06-4FEE-BAA8-9152815A2928}.Debug|Any CPU.Build.0 = Debug|Any CPU
		{3B09848B-EB06-4FEE-BAA8-9152815A2928}.Release|Any CPU.ActiveCfg = Release|Any CPU
		{3B09848B-EB06-4FEE-BAA8-9152815A2928}.Release|Any CPU.Build.0 = Release|Any CPU
	EndGlobalSection
	GlobalSection(SolutionProperties) = preSolution
		HideSolutionNode = FALSE
	EndGlobalSection
	GlobalSection(ExtensibilityGlobals) = postSolution
		SolutionGuid = {7C70DA5A-BCC0-4CF5-965E-8694E838D822}
	EndGlobalSection
EndGlobal
