
Microsoft Visual Studio Solution File, Format Version 12.00
# Visual Studio Version 16
VisualStudioVersion = 16.0.31515.178
MinimumVisualStudioVersion = 10.0.40219.1
Project("{9A19103F-16F7-4668-BE54-9A1E7A4F7556}") = "FizzBuzz.Console", "FizzBuzz.Console\FizzBuzz.Console.csproj", "{B66D9036-C8B0-4C11-8843-8732D854530C}"
EndProject
Project("{9A19103F-16F7-4668-BE54-9A1E7A4F7556}") = "FizzBuzz.Lib", "FizzBuzz.Lib\FizzBuzz.Lib.csproj", "{FBEEAB17-968C-41D0-ABCB-DCB956FAE15C}"
EndProject
Project("{9A19103F-16F7-4668-BE54-9A1E7A4F7556}") = "FizzBuzz.Test", "FizzBuzz.Test\FizzBuzz.Test.csproj", "{57F1AABF-1ED9-417C-ADDB-F944FA67FC3A}"
EndProject
Global
	GlobalSection(SolutionConfigurationPlatforms) = preSolution
		Debug|Any CPU = Debug|Any CPU
		Release|Any CPU = Release|Any CPU
	EndGlobalSection
	GlobalSection(ProjectConfigurationPlatforms) = postSolution
		{B66D9036-C8B0-4C11-8843-8732D854530C}.Debug|Any CPU.ActiveCfg = Debug|Any CPU
		{B66D9036-C8B0-4C11-8843-8732D854530C}.Debug|Any CPU.Build.0 = Debug|Any CPU
		{B66D9036-C8B0-4C11-8843-8732D854530C}.Release|Any CPU.ActiveCfg = Release|Any CPU
		{B66D9036-C8B0-4C11-8843-8732D854530C}.Release|Any CPU.Build.0 = Release|Any CPU
		{FBEEAB17-968C-41D0-ABCB-DCB956FAE15C}.Debug|Any CPU.ActiveCfg = Debug|Any CPU
		{FBEEAB17-968C-41D0-ABCB-DCB956FAE15C}.Debug|Any CPU.Build.0 = Debug|Any CPU
		{FBEEAB17-968C-41D0-ABCB-DCB956FAE15C}.Release|Any CPU.ActiveCfg = Release|Any CPU
		{FBEEAB17-968C-41D0-ABCB-DCB956FAE15C}.Release|Any CPU.Build.0 = Release|Any CPU
		{57F1AABF-1ED9-417C-ADDB-F944FA67FC3A}.Debug|Any CPU.ActiveCfg = Debug|Any CPU
		{57F1AABF-1ED9-417C-ADDB-F944FA67FC3A}.Debug|Any CPU.Build.0 = Debug|Any CPU
		{57F1AABF-1ED9-417C-ADDB-F944FA67FC3A}.Release|Any CPU.ActiveCfg = Release|Any CPU
		{57F1AABF-1ED9-417C-ADDB-F944FA67FC3A}.Release|Any CPU.Build.0 = Release|Any CPU
	EndGlobalSection
	GlobalSection(SolutionProperties) = preSolution
		HideSolutionNode = FALSE
	EndGlobalSection
	GlobalSection(ExtensibilityGlobals) = postSolution
		SolutionGuid = {7C70DA5A-BCC0-4CF5-965E-8694E838D822}
	EndGlobalSection
EndGlobal
